PODS:
  - JTCalendar (1.2.3)
  - MagicalRecord (2.2):
    - MagicalRecord/Core (= 2.2)
  - MagicalRecord/Core (2.2)
  - MBProgressHUD (0.9.1)
  - PureLayout (2.0.6)
  - SWTableViewCell (0.3.7)

DEPENDENCIES:
  - JTCalendar (~> 1.1)
  - MagicalRecord (~> 2.2)
  - MBProgressHUD (~> 0.9)
  - PureLayout (~> 2.0)
  - SWTableViewCell (~> 0.3)

SPEC CHECKSUMS:
  JTCalendar: 246ea3e338fb97624846ec77cdcde448242c4d5c
  MagicalRecord: f8a56bb87ab6552f20c4bb8681a1958a197ea3cd
  MBProgressHUD: c47f2c166c126cf2ce36498d80f33e754d4e93ad
  PureLayout: f25f0bb904d5ccfe6e31da3cb869185259f02e0d
  SWTableViewCell: 2a94aadc9d47b2b611fa064566bf57948b95b579

COCOAPODS: 0.37.1
